// !$*UTF8*$!
{
	archiveVersion = 1;
	classes = {
	};
	objectVersion = 46;
	objects = {

/* Begin PBXBuildFile section */
		8E575CDC1BAED6D700CCABD3 /* main.m in Sources */ = {isa = PBXBuildFile; fileRef = 8E575CDB1BAED6D700CCABD3 /* main.m */; };
		8E575CDF1BAED6D700CCABD3 /* AppDelegate.m in Sources */ = {isa = PBXBuildFile; fileRef = 8E575CDE1BAED6D700CCABD3 /* AppDelegate.m */; };
		8E575CE21BAED6D700CCABD3 /* ViewController.m in Sources */ = {isa = PBXBuildFile; fileRef = 8E575CE11BAED6D700CCABD3 /* ViewController.m */; };
		8E575CE51BAED6D700CCABD3 /* Main.storyboard in Resources */ = {isa = PBXBuildFile; fileRef = 8E575CE31BAED6D700CCABD3 /* Main.storyboard */; };
		8E575CE71BAED6D700CCABD3 /* Images.xcassets in Resources */ = {isa = PBXBuildFile; fileRef = 8E575CE61BAED6D700CCABD3 /* Images.xcassets */; };
		8E575CEA1BAED6D700CCABD3 /* LaunchScreen.xib in Resources */ = {isa = PBXBuildFile; fileRef = 8E575CE81BAED6D700CCABD3 /* LaunchScreen.xib */; };
		8E575CF61BAED6D700CCABD3 /* KRSVMTests.m in Sources */ = {isa = PBXBuildFile; fileRef = 8E575CF51BAED6D700CCABD3 /* KRSVMTests.m */; };
		8E575D031BAED7FE00CCABD3 /* KRSVM.m in Sources */ = {isa = PBXBuildFile; fileRef = 8E575D021BAED7FE00CCABD3 /* KRSVM.m */; };
		8E575D081BAED8BD00CCABD3 /* KRSMO.m in Sources */ = {isa = PBXBuildFile; fileRef = 8E575D071BAED8BD00CCABD3 /* KRSMO.m */; };
		8EFD04851BFC31700096C8D5 /* KRMathLib.m in Sources */ = {isa = PBXBuildFile; fileRef = 8EFD04841BFC31700096C8D5 /* KRMathLib.m */; settings = {ASSET_TAGS = (); }; };
		8EFD04891BFF8BE90096C8D5 /* KRSVMPattern.m in Sources */ = {isa = PBXBuildFile; fileRef = 8EFD04881BFF8BE90096C8D5 /* KRSVMPattern.m */; settings = {ASSET_TAGS = (); }; };
/* End PBXBuildFile section */

/* Begin PBXContainerItemProxy section */
		8E575CF01BAED6D700CCABD3 /* PBXContainerItemProxy */ = {
			isa = PBXContainerItemProxy;
			containerPortal = 8E575CCE1BAED6D700CCABD3 /* Project object */;
			proxyType = 1;
			remoteGlobalIDString = 8E575CD51BAED6D700CCABD3;
			remoteInfo = KRSVM;
		};
/* End PBXContainerItemProxy section */

/* Begin PBXFileReference section */
		8E575CD61BAED6D700CCABD3 /* KRSVM.app */ = {isa = PBXFileReference; explicitFileType = wrapper.application; includeInIndex = 0; path = KRSVM.app; sourceTree = BUILT_PRODUCTS_DIR; };
		8E575CDA1BAED6D700CCABD3 /* Info.plist */ = {isa = PBXFileReference; lastKnownFileType = text.plist.xml; path = Info.plist; sourceTree = "<group>"; };
		8E575CDB1BAED6D700CCABD3 /* main.m */ = {isa = PBXFileReference; lastKnownFileType = sourcecode.c.objc; path = main.m; sourceTree = "<group>"; };
		8E575CDD1BAED6D700CCABD3 /* AppDelegate.h */ = {isa = PBXFileReference; lastKnownFileType = sourcecode.c.h; path = AppDelegate.h; sourceTree = "<group>"; };
		8E575CDE1BAED6D700CCABD3 /* AppDelegate.m */ = {isa = PBXFileReference; lastKnownFileType = sourcecode.c.objc; path = AppDelegate.m; sourceTree = "<group>"; };
		8E575CE01BAED6D700CCABD3 /* ViewController.h */ = {isa = PBXFileReference; lastKnownFileType = sourcecode.c.h; path = ViewController.h; sourceTree = "<group>"; };
		8E575CE11BAED6D700CCABD3 /* ViewController.m */ = {isa = PBXFileReference; lastKnownFileType = sourcecode.c.objc; path = ViewController.m; sourceTree = "<group>"; };
		8E575CE41BAED6D700CCABD3 /* Base */ = {isa = PBXFileReference; lastKnownFileType = file.storyboard; name = Base; path = Base.lproj/Main.storyboard; sourceTree = "<group>"; };
		8E575CE61BAED6D700CCABD3 /* Images.xcassets */ = {isa = PBXFileReference; lastKnownFileType = folder.assetcatalog; path = Images.xcassets; sourceTree = "<group>"; };
		8E575CE91BAED6D700CCABD3 /* Base */ = {isa = PBXFileReference; lastKnownFileType = file.xib; name = Base; path = Base.lproj/LaunchScreen.xib; sourceTree = "<group>"; };
		8E575CEF1BAED6D700CCABD3 /* KRSVMTests.xctest */ = {isa = PBXFileReference; explicitFileType = wrapper.cfbundle; includeInIndex = 0; path = KRSVMTests.xctest; sourceTree = BUILT_PRODUCTS_DIR; };
		8E575CF41BAED6D700CCABD3 /* Info.plist */ = {isa = PBXFileReference; lastKnownFileType = text.plist.xml; path = Info.plist; sourceTree = "<group>"; };
		8E575CF51BAED6D700CCABD3 /* KRSVMTests.m */ = {isa = PBXFileReference; lastKnownFileType = sourcecode.c.objc; path = KRSVMTests.m; sourceTree = "<group>"; };
		8E575D011BAED7F500CCABD3 /* KRSVM.h */ = {isa = PBXFileReference; fileEncoding = 4; lastKnownFileType = sourcecode.c.h; path = KRSVM.h; sourceTree = "<group>"; };
		8E575D021BAED7FE00CCABD3 /* KRSVM.m */ = {isa = PBXFileReference; fileEncoding = 4; lastKnownFileType = sourcecode.c.objc; path = KRSVM.m; sourceTree = "<group>"; };
		8E575D041BAED81000CCABD3 /* KRSVM+Definition.h */ = {isa = PBXFileReference; fileEncoding = 4; lastKnownFileType = sourcecode.c.h; path = "KRSVM+Definition.h"; sourceTree = "<group>"; };
		8E575D061BAED8BD00CCABD3 /* KRSMO.h */ = {isa = PBXFileReference; fileEncoding = 4; lastKnownFileType = sourcecode.c.h; path = KRSMO.h; sourceTree = "<group>"; };
		8E575D071BAED8BD00CCABD3 /* KRSMO.m */ = {isa = PBXFileReference; fileEncoding = 4; lastKnownFileType = sourcecode.c.objc; path = KRSMO.m; sourceTree = "<group>"; };
		8EFD04831BFC31700096C8D5 /* KRMathLib.h */ = {isa = PBXFileReference; fileEncoding = 4; lastKnownFileType = sourcecode.c.h; path = KRMathLib.h; sourceTree = "<group>"; };
		8EFD04841BFC31700096C8D5 /* KRMathLib.m */ = {isa = PBXFileReference; fileEncoding = 4; lastKnownFileType = sourcecode.c.objc; path = KRMathLib.m; sourceTree = "<group>"; };
		8EFD04871BFF8BE90096C8D5 /* KRSVMPattern.h */ = {isa = PBXFileReference; fileEncoding = 4; lastKnownFileType = sourcecode.c.h; path = KRSVMPattern.h; sourceTree = "<group>"; };
		8EFD04881BFF8BE90096C8D5 /* KRSVMPattern.m */ = {isa = PBXFileReference; fileEncoding = 4; lastKnownFileType = sourcecode.c.objc; path = KRSVMPattern.m; sourceTree = "<group>"; };
/* End PBXFileReference section */

/* Begin PBXFrameworksBuildPhase section */
		8E575CD31BAED6D700CCABD3 /* Frameworks */ = {
			isa = PBXFrameworksBuildPhase;
			buildActionMask = 2147483647;
			files = (
			);
			runOnlyForDeploymentPostprocessing = 0;
		};
		8E575CEC1BAED6D700CCABD3 /* Frameworks */ = {
			isa = PBXFrameworksBuildPhase;
			buildActionMask = 2147483647;
			files = (
			);
			runOnlyForDeploymentPostprocessing = 0;
		};
/* End PBXFrameworksBuildPhase section */

/* Begin PBXGroup section */
		8E575CCD1BAED6D700CCABD3 = {
			isa = PBXGroup;
			children = (
				8E575CFF1BAED7E200CCABD3 /* SVM */,
				8E575CD81BAED6D700CCABD3 /* KRSVM */,
				8E575CF21BAED6D700CCABD3 /* KRSVMTests */,
				8E575CD71BAED6D700CCABD3 /* Products */,
			);
			sourceTree = "<group>";
		};
		8E575CD71BAED6D700CCABD3 /* Products */ = {
			isa = PBXGroup;
			children = (
				8E575CD61BAED6D700CCABD3 /* KRSVM.app */,
				8E575CEF1BAED6D700CCABD3 /* KRSVMTests.xctest */,
			);
			name = Products;
			sourceTree = "<group>";
		};
		8E575CD81BAED6D700CCABD3 /* KRSVM */ = {
			isa = PBXGroup;
			children = (
				8E575CDD1BAED6D700CCABD3 /* AppDelegate.h */,
				8E575CDE1BAED6D700CCABD3 /* AppDelegate.m */,
				8E575CE01BAED6D700CCABD3 /* ViewController.h */,
				8E575CE11BAED6D700CCABD3 /* ViewController.m */,
				8E575CE31BAED6D700CCABD3 /* Main.storyboard */,
				8E575CE61BAED6D700CCABD3 /* Images.xcassets */,
				8E575CE81BAED6D700CCABD3 /* LaunchScreen.xib */,
				8E575CD91BAED6D700CCABD3 /* Supporting Files */,
			);
			path = KRSVM;
			sourceTree = "<group>";
		};
		8E575CD91BAED6D700CCABD3 /* Supporting Files */ = {
			isa = PBXGroup;
			children = (
				8E575CDA1BAED6D700CCABD3 /* Info.plist */,
				8E575CDB1BAED6D700CCABD3 /* main.m */,
			);
			name = "Supporting Files";
			sourceTree = "<group>";
		};
		8E575CF21BAED6D700CCABD3 /* KRSVMTests */ = {
			isa = PBXGroup;
			children = (
				8E575CF51BAED6D700CCABD3 /* KRSVMTests.m */,
				8E575CF31BAED6D700CCABD3 /* Supporting Files */,
			);
			path = KRSVMTests;
			sourceTree = "<group>";
		};
		8E575CF31BAED6D700CCABD3 /* Supporting Files */ = {
			isa = PBXGroup;
			children = (
				8E575CF41BAED6D700CCABD3 /* Info.plist */,
			);
			name = "Supporting Files";
			sourceTree = "<group>";
		};
		8E575CFF1BAED7E200CCABD3 /* SVM */ = {
			isa = PBXGroup;
			children = (
				8E575D001BAED7E200CCABD3 /* KRSVM+Definition */,
				8EFD04821BFC31470096C8D5 /* KRMathLib */,
				8EFD04861BFF8BE90096C8D5 /* KRSVMPattern */,
				8E575D051BAED8BD00CCABD3 /* KRSMO */,
				8E575D011BAED7F500CCABD3 /* KRSVM.h */,
				8E575D021BAED7FE00CCABD3 /* KRSVM.m */,
			);
			path = SVM;
			sourceTree = "<group>";
		};
		8E575D001BAED7E200CCABD3 /* KRSVM+Definition */ = {
			isa = PBXGroup;
			children = (
				8E575D041BAED81000CCABD3 /* KRSVM+Definition.h */,
			);
			path = "KRSVM+Definition";
			sourceTree = "<group>";
		};
		8E575D051BAED8BD00CCABD3 /* KRSMO */ = {
			isa = PBXGroup;
			children = (
				8E575D061BAED8BD00CCABD3 /* KRSMO.h */,
				8E575D071BAED8BD00CCABD3 /* KRSMO.m */,
			);
			path = KRSMO;
			sourceTree = "<group>";
		};
		8EFD04821BFC31470096C8D5 /* KRMathLib */ = {
			isa = PBXGroup;
			children = (
				8EFD04831BFC31700096C8D5 /* KRMathLib.h */,
				8EFD04841BFC31700096C8D5 /* KRMathLib.m */,
			);
			path = KRMathLib;
			sourceTree = "<group>";
		};
		8EFD04861BFF8BE90096C8D5 /* KRSVMPattern */ = {
			isa = PBXGroup;
			children = (
				8EFD04871BFF8BE90096C8D5 /* KRSVMPattern.h */,
				8EFD04881BFF8BE90096C8D5 /* KRSVMPattern.m */,
			);
			path = KRSVMPattern;
			sourceTree = "<group>";
		};
/* End PBXGroup section */

/* Begin PBXNativeTarget section */
		8E575CD51BAED6D700CCABD3 /* KRSVM */ = {
			isa = PBXNativeTarget;
			buildConfigurationList = 8E575CF91BAED6D700CCABD3 /* Build configuration list for PBXNativeTarget "KRSVM" */;
			buildPhases = (
				8E575CD21BAED6D700CCABD3 /* Sources */,
				8E575CD31BAED6D700CCABD3 /* Frameworks */,
				8E575CD41BAED6D700CCABD3 /* Resources */,
			);
			buildRules = (
			);
			dependencies = (
			);
			name = KRSVM;
			productName = KRSVM;
			productReference = 8E575CD61BAED6D700CCABD3 /* KRSVM.app */;
			productType = "com.apple.product-type.application";
		};
		8E575CEE1BAED6D700CCABD3 /* KRSVMTests */ = {
			isa = PBXNativeTarget;
			buildConfigurationList = 8E575CFC1BAED6D700CCABD3 /* Build configuration list for PBXNativeTarget "KRSVMTests" */;
			buildPhases = (
				8E575CEB1BAED6D700CCABD3 /* Sources */,
				8E575CEC1BAED6D700CCABD3 /* Frameworks */,
				8E575CED1BAED6D700CCABD3 /* Resources */,
			);
			buildRules = (
			);
			dependencies = (
				8E575CF11BAED6D700CCABD3 /* PBXTargetDependency */,
			);
			name = KRSVMTests;
			productName = KRSVMTests;
			productReference = 8E575CEF1BAED6D700CCABD3 /* KRSVMTests.xctest */;
			productType = "com.apple.product-type.bundle.unit-test";
		};
/* End PBXNativeTarget section */

/* Begin PBXProject section */
		8E575CCE1BAED6D700CCABD3 /* Project object */ = {
			isa = PBXProject;
			attributes = {
				LastUpgradeCheck = 0700;
				ORGANIZATIONNAME = "Kalvar Lin";
				TargetAttributes = {
					8E575CD51BAED6D700CCABD3 = {
						CreatedOnToolsVersion = 6.4;
					};
					8E575CEE1BAED6D700CCABD3 = {
						CreatedOnToolsVersion = 6.4;
						TestTargetID = 8E575CD51BAED6D700CCABD3;
					};
				};
			};
			buildConfigurationList = 8E575CD11BAED6D700CCABD3 /* Build configuration list for PBXProject "KRSVM" */;
			compatibilityVersion = "Xcode 3.2";
			developmentRegion = English;
			hasScannedForEncodings = 0;
			knownRegions = (
				en,
				Base,
			);
			mainGroup = 8E575CCD1BAED6D700CCABD3;
			productRefGroup = 8E575CD71BAED6D700CCABD3 /* Products */;
			projectDirPath = "";
			projectRoot = "";
			targets = (
				8E575CD51BAED6D700CCABD3 /* KRSVM */,
				8E575CEE1BAED6D700CCABD3 /* KRSVMTests */,
			);
		};
/* End PBXProject section */

/* Begin PBXResourcesBuildPhase section */
		8E575CD41BAED6D700CCABD3 /* Resources */ = {
			isa = PBXResourcesBuildPhase;
			buildActionMask = 2147483647;
			files = (
				8E575CE51BAED6D700CCABD3 /* Main.storyboard in Resources */,
				8E575CEA1BAED6D700CCABD3 /* LaunchScreen.xib in Resources */,
				8E575CE71BAED6D700CCABD3 /* Images.xcassets in Resources */,
			);
			runOnlyForDeploymentPostprocessing = 0;
		};
		8E575CED1BAED6D700CCABD3 /* Resources */ = {
			isa = PBXResourcesBuildPhase;
			buildActionMask = 2147483647;
			files = (
			);
			runOnlyForDeploymentPostprocessing = 0;
		};
/* End PBXResourcesBuildPhase section */

/* Begin PBXSourcesBuildPhase section */
		8E575CD21BAED6D700CCABD3 /* Sources */ = {
			isa = PBXSourcesBuildPhase;
			buildActionMask = 2147483647;
			files = (
				8EFD04851BFC31700096C8D5 /* KRMathLib.m in Sources */,
				8EFD04891BFF8BE90096C8D5 /* KRSVMPattern.m in Sources */,
				8E575CE21BAED6D700CCABD3 /* ViewController.m in Sources */,
				8E575D081BAED8BD00CCABD3 /* KRSMO.m in Sources */,
				8E575D031BAED7FE00CCABD3 /* KRSVM.m in Sources */,
				8E575CDF1BAED6D700CCABD3 /* AppDelegate.m in Sources */,
				8E575CDC1BAED6D700CCABD3 /* main.m in Sources */,
			);
			runOnlyForDeploymentPostprocessing = 0;
		};
		8E575CEB1BAED6D700CCABD3 /* Sources */ = {
			isa = PBXSourcesBuildPhase;
			buildActionMask = 2147483647;
			files = (
				8E575CF61BAED6D700CCABD3 /* KRSVMTests.m in Sources */,
			);
			runOnlyForDeploymentPostprocessing = 0;
		};
/* End PBXSourcesBuildPhase section */

/* Begin PBXTargetDependency section */
		8E575CF11BAED6D700CCABD3 /* PBXTargetDependency */ = {
			isa = PBXTargetDependency;
			target = 8E575CD51BAED6D700CCABD3 /* KRSVM */;
			targetProxy = 8E575CF01BAED6D700CCABD3 /* PBXContainerItemProxy */;
		};
/* End PBXTargetDependency section */

/* Begin PBXVariantGroup section */
		8E575CE31BAED6D700CCABD3 /* Main.storyboard */ = {
			isa = PBXVariantGroup;
			children = (
				8E575CE41BAED6D700CCABD3 /* Base */,
			);
			name = Main.storyboard;
			sourceTree = "<group>";
		};
		8E575CE81BAED6D700CCABD3 /* LaunchScreen.xib */ = {
			isa = PBXVariantGroup;
			children = (
				8E575CE91BAED6D700CCABD3 /* Base */,
			);
			name = LaunchScreen.xib;
			sourceTree = "<group>";
		};
/* End PBXVariantGroup section */

/* Begin XCBuildConfiguration section */
		8E575CF71BAED6D700CCABD3 /* Debug */ = {
			isa = XCBuildConfiguration;
			buildSettings = {
				ALWAYS_SEARCH_USER_PATHS = NO;
				CLANG_CXX_LANGUAGE_STANDARD = "gnu++0x";
				CLANG_CXX_LIBRARY = "libc++";
				CLANG_ENABLE_MODULES = YES;
				CLANG_ENABLE_OBJC_ARC = YES;
				CLANG_WARN_BOOL_CONVERSION = YES;
				CLANG_WARN_CONSTANT_CONVERSION = YES;
				CLANG_WARN_DIRECT_OBJC_ISA_USAGE = YES_ERROR;
				CLANG_WARN_EMPTY_BODY = YES;
				CLANG_WARN_ENUM_CONVERSION = YES;
				CLANG_WARN_INT_CONVERSION = YES;
				CLANG_WARN_OBJC_ROOT_CLASS = YES_ERROR;
				CLANG_WARN_UNREACHABLE_CODE = YES;
				CLANG_WARN__DUPLICATE_METHOD_MATCH = YES;
				"CODE_SIGN_IDENTITY[sdk=iphoneos*]" = "iPhone Developer";
				COPY_PHASE_STRIP = NO;
				DEBUG_INFORMATION_FORMAT = "dwarf-with-dsym";
				ENABLE_STRICT_OBJC_MSGSEND = YES;
				ENABLE_TESTABILITY = YES;
				GCC_C_LANGUAGE_STANDARD = gnu99;
				GCC_DYNAMIC_NO_PIC = NO;
				GCC_NO_COMMON_BLOCKS = YES;
				GCC_OPTIMIZATION_LEVEL = 0;
				GCC_PREPROCESSOR_DEFINITIONS = (
					"DEBUG=1",
					"$(inherited)",
				);
				GCC_SYMBOLS_PRIVATE_EXTERN = NO;
				GCC_WARN_64_TO_32_BIT_CONVERSION = YES;
				GCC_WARN_ABOUT_RETURN_TYPE = YES_ERROR;
				GCC_WARN_UNDECLARED_SELECTOR = YES;
				GCC_WARN_UNINITIALIZED_AUTOS = YES_AGGRESSIVE;
				GCC_WARN_UNUSED_FUNCTION = YES;
				GCC_WARN_UNUSED_VARIABLE = YES;
				IPHONEOS_DEPLOYMENT_TARGET = 8.4;
				MTL_ENABLE_DEBUG_INFO = YES;
				ONLY_ACTIVE_ARCH = YES;
				SDKROOT = iphoneos;
			};
			name = Debug;
		};
		8E575CF81BAED6D700CCABD3 /* Release */ = {
			isa = XCBuildConfiguration;
			buildSettings = {
				ALWAYS_SEARCH_USER_PATHS = NO;
				CLANG_CXX_LANGUAGE_STANDARD = "gnu++0x";
				CLANG_CXX_LIBRARY = "libc++";
				CLANG_ENABLE_MODULES = YES;
				CLANG_ENABLE_OBJC_ARC = YES;
				CLANG_WARN_BOOL_CONVERSION = YES;
				CLANG_WARN_CONSTANT_CONVERSION = YES;
				CLANG_WARN_DIRECT_OBJC_ISA_USAGE = YES_ERROR;
				CLANG_WARN_EMPTY_BODY = YES;
				CLANG_WARN_ENUM_CONVERSION = YES;
				CLANG_WARN_INT_CONVERSION = YES;
				CLANG_WARN_OBJC_ROOT_CLASS = YES_ERROR;
				CLANG_WARN_UNREACHABLE_CODE = YES;
				CLANG_WARN__DUPLICATE_METHOD_MATCH = YES;
				"CODE_SIGN_IDENTITY[sdk=iphoneos*]" = "iPhone Developer";
				COPY_PHASE_STRIP = NO;
				DEBUG_INFORMATION_FORMAT = "dwarf-with-dsym";
				ENABLE_NS_ASSERTIONS = NO;
				ENABLE_STRICT_OBJC_MSGSEND = YES;
				GCC_C_LANGUAGE_STANDARD = gnu99;
				GCC_NO_COMMON_BLOCKS = YES;
				GCC_WARN_64_TO_32_BIT_CONVERSION = YES;
				GCC_WARN_ABOUT_RETURN_TYPE = YES_ERROR;
				GCC_WARN_UNDECLARED_SELECTOR = YES;
				GCC_WARN_UNINITIALIZED_AUTOS = YES_AGGRESSIVE;
				GCC_WARN_UNUSED_FUNCTION = YES;
				GCC_WARN_UNUSED_VARIABLE = YES;
				IPHONEOS_DEPLOYMENT_TARGET = 8.4;
				MTL_ENABLE_DEBUG_INFO = NO;
				SDKROOT = iphoneos;
				VALIDATE_PRODUCT = YES;
			};
			name = Release;
		};
		8E575CFA1BAED6D700CCABD3 /* Debug */ = {
			isa = XCBuildConfiguration;
			buildSettings = {
				ASSETCATALOG_COMPILER_APPICON_NAME = AppIcon;
				INFOPLIST_FILE = KRSVM/Info.plist;
				LD_RUNPATH_SEARCH_PATHS = "$(inherited) @executable_path/Frameworks";
				PRODUCT_BUNDLE_IDENTIFIER = "com.kalvar.svm.$(PRODUCT_NAME:rfc1034identifier)";
				PRODUCT_NAME = "$(TARGET_NAME)";
			};
			name = Debug;
		};
		8E575CFB1BAED6D700CCABD3 /* Release */ = {
			isa = XCBuildConfiguration;
			buildSettings = {
				ASSETCATALOG_COMPILER_APPICON_NAME = AppIcon;
				INFOPLIST_FILE = KRSVM/Info.plist;
				LD_RUNPATH_SEARCH_PATHS = "$(inherited) @executable_path/Frameworks";
				PRODUCT_BUNDLE_IDENTIFIER = "com.kalvar.svm.$(PRODUCT_NAME:rfc1034identifier)";
				PRODUCT_NAME = "$(TARGET_NAME)";
			};
			name = Release;
		};
		8E575CFD1BAED6D700CCABD3 /* Debug */ = {
			isa = XCBuildConfiguration;
			buildSettings = {
				BUNDLE_LOADER = "$(TEST_HOST)";
				FRAMEWORK_SEARCH_PATHS = (
					"$(SDKROOT)/Developer/Library/Frameworks",
					"$(inherited)",
				);
				GCC_PREPROCESSOR_DEFINITIONS = (
					"DEBUG=1",
					"$(inherited)",
				);
				INFOPLIST_FILE = KRSVMTests/Info.plist;
				LD_RUNPATH_SEARCH_PATHS = "$(inherited) @executable_path/Frameworks @loader_path/Frameworks";
				PRODUCT_BUNDLE_IDENTIFIER = "com.kalvar.svm.$(PRODUCT_NAME:rfc1034identifier)";
				PRODUCT_NAME = "$(TARGET_NAME)";
				TEST_HOST = "$(BUILT_PRODUCTS_DIR)/KRSVM.app/KRSVM";
			};
			name = Debug;
		};
		8E575CFE1BAED6D700CCABD3 /* Release */ = {
			isa = XCBuildConfiguration;
			buildSettings = {
				BUNDLE_LOADER = "$(TEST_HOST)";
				FRAMEWORK_SEARCH_PATHS = (
					"$(SDKROOT)/Developer/Library/Frameworks",
					"$(inherited)",
				);
				INFOPLIST_FILE = KRSVMTests/Info.plist;
				LD_RUNPATH_SEARCH_PATHS = "$(inherited) @executable_path/Frameworks @loader_path/Frameworks";
				PRODUCT_BUNDLE_IDENTIFIER = "com.kalvar.svm.$(PRODUCT_NAME:rfc1034identifier)";
				PRODUCT_NAME = "$(TARGET_NAME)";
				TEST_HOST = "$(BUILT_PRODUCTS_DIR)/KRSVM.app/KRSVM";
			};
			name = Release;
		};
/* End XCBuildConfiguration section */

/* Begin XCConfigurationList section */
		8E575CD11BAED6D700CCABD3 /* Build configuration list for PBXProject "KRSVM" */ = {
			isa = XCConfigurationList;
			buildConfigurations = (
				8E575CF71BAED6D700CCABD3 /* Debug */,
				8E575CF81BAED6D700CCABD3 /* Release */,
			);
			defaultConfigurationIsVisible = 0;
			defaultConfigurationName = Release;
		};
		8E575CF91BAED6D700CCABD3 /* Build configuration list for PBXNativeTarget "KRSVM" */ = {
			isa = XCConfigurationList;
			buildConfigurations = (
				8E575CFA1BAED6D700CCABD3 /* Debug */,
				8E575CFB1BAED6D700CCABD3 /* Release */,
			);
			defaultConfigurationIsVisible = 0;
			defaultConfigurationName = Release;
		};
		8E575CFC1BAED6D700CCABD3 /* Build configuration list for PBXNativeTarget "KRSVMTests" */ = {
			isa = XCConfigurationList;
			buildConfigurations = (
				8E575CFD1BAED6D700CCABD3 /* Debug */,
				8E575CFE1BAED6D700CCABD3 /* Release */,
			);
			defaultConfigurationIsVisible = 0;
			defaultConfigurationName = Release;
		};
/* End XCConfigurationList section */
	};
	rootObject = 8E575CCE1BAED6D700CCABD3 /* Project object */;
}
